// !$*UTF8*$!
{
	archiveVersion = 1;
	classes = {
	};
	objectVersion = 46;
	objects = {

/* Begin PBXFileReference section */
		D86135E81A0B233C0001812B /* GRADER_INFO.txt */ = {isa = PBXFileReference; lastKnownFileType = text; path = GRADER_INFO.txt; sourceTree = "<group>"; };
		D86135E91A0B233C0001812B /* include */ = {isa = PBXFileReference; lastKnownFileType = folder; path = include; sourceTree = "<group>"; };
		D86135EA1A0B233C0001812B /* Makefile */ = {isa = PBXFileReference; lastKnownFileType = sourcecode.make; path = Makefile; sourceTree = "<group>"; };
		D86135EB1A0B233C0001812B /* src */ = {isa = PBXFileReference; lastKnownFileType = folder; path = src; sourceTree = "<group>"; };
/* End PBXFileReference section */

/* Begin PBXGroup section */
		D86135E21A0B233C0001812B = {
			isa = PBXGroup;
			children = (
				D86135E81A0B233C0001812B /* GRADER_INFO.txt */,
				D86135E91A0B233C0001812B /* include */,
				D86135EA1A0B233C0001812B /* Makefile */,
				D86135EB1A0B233C0001812B /* src */,
			);
			sourceTree = "<group>";
		};
/* End PBXGroup section */

/* Begin PBXLegacyTarget section */
		D86135E71A0B233C0001812B /* rational */ = {
			isa = PBXLegacyTarget;
			buildArgumentsString = "$(ACTION)";
			buildConfigurationList = D86135EC1A0B233C0001812B /* Build configuration list for PBXLegacyTarget "rational" */;
			buildPhases = (
			);
			buildToolPath = /usr/bin/make;
			buildWorkingDirectory = /Users/mizhemin/Downloads/rational;
			dependencies = (
			);
			name = rational;
			passBuildSettingsInEnvironment = 1;
			productName = rational;
		};
/* End PBXLegacyTarget section */

/* Begin PBXProject section */
		D86135E31A0B233C0001812B /* Project object */ = {
			isa = PBXProject;
			attributes = {
				LastUpgradeCheck = 0610;
			};
			buildConfigurationList = D86135E61A0B233C0001812B /* Build configuration list for PBXProject "rational" */;
			compatibilityVersion = "Xcode 3.2";
			developmentRegion = English;
			hasScannedForEncodings = 0;
			knownRegions = (
				en,
			);
			mainGroup = D86135E21A0B233C0001812B;
			projectDirPath = "";
			projectRoot = "";
			targets = (
				D86135E71A0B233C0001812B /* rational */,
			);
		};
/* End PBXProject section */

/* Begin XCBuildConfiguration section */
		D86135E41A0B233C0001812B /* Debug */ = {
			isa = XCBuildConfiguration;
			buildSettings = {
				COPY_PHASE_STRIP = NO;
				GCC_WARN_ABOUT_RETURN_TYPE = YES;
				GCC_WARN_UNUSED_VARIABLE = NO;
				ONLY_ACTIVE_ARCH = YES;
				SDKROOT = macosx;
			};
			name = Debug;
		};
		D86135E51A0B233C0001812B /* Release */ = {
			isa = XCBuildConfiguration;
			buildSettings = {
				COPY_PHASE_STRIP = YES;
				GCC_WARN_ABOUT_RETURN_TYPE = YES;
				GCC_WARN_UNUSED_VARIABLE = NO;
				SDKROOT = macosx;
			};
			name = Release;
		};
		D86135ED1A0B233C0001812B /* Debug */ = {
			isa = XCBuildConfiguration;
			buildSettings = {
				COPY_PHASE_STRIP = NO;
				DEBUGGING_SYMBOLS = YES;
				GCC_DYNAMIC_NO_PIC = NO;
				GCC_ENABLE_FIX_AND_CONTINUE = YES;
				GCC_GENERATE_DEBUGGING_SYMBOLS = YES;
				GCC_OPTIMIZATION_LEVEL = 0;
				OTHER_CFLAGS = "";
				OTHER_LDFLAGS = "";
				PRODUCT_NAME = rational;
			};
			name = Debug;
		};
		D86135EE1A0B233C0001812B /* Release */ = {
			isa = XCBuildConfiguration;
			buildSettings = {
				COPY_PHASE_STRIP = YES;
				DEBUG_INFORMATION_FORMAT = "dwarf-with-dsym";
				GCC_ENABLE_FIX_AND_CONTINUE = NO;
				OTHER_CFLAGS = "";
				OTHER_LDFLAGS = "";
				PRODUCT_NAME = rational;
			};
			name = Release;
		};
/* End XCBuildConfiguration section */

/* Begin XCConfigurationList section */
		D86135E61A0B233C0001812B /* Build configuration list for PBXProject "rational" */ = {
			isa = XCConfigurationList;
			buildConfigurations = (
				D86135E41A0B233C0001812B /* Debug */,
				D86135E51A0B233C0001812B /* Release */,
			);
			defaultConfigurationIsVisible = 0;
			defaultConfigurationName = Release;
		};
		D86135EC1A0B233C0001812B /* Build configuration list for PBXLegacyTarget "rational" */ = {
			isa = XCConfigurationList;
			buildConfigurations = (
				D86135ED1A0B233C0001812B /* Debug */,
				D86135EE1A0B233C0001812B /* Release */,
			);
			defaultConfigurationIsVisible = 0;
			defaultConfigurationName = Release;
		};
/* End XCConfigurationList section */
	};
	rootObject = D86135E31A0B233C0001812B /* Project object */;
}
